// !$*UTF8*$!
{
	archiveVersion = 1;
	classes = {
	};
	objectVersion = 77;
	objects = {

/* Begin PBXBuildFile section */
		4D6DC7BEBCA8798501277944 /* Pods_NoStoryboard.framework in Frameworks */ = {isa = PBXBuildFile; fileRef = F5591E9C0FB0A896AAA69087 /* Pods_NoStoryboard.framework */; };
		4F43E1966C6688363D465F8D /* Pods_NoStoryboardTests.framework in Frameworks */ = {isa = PBXBuildFile; fileRef = 9F26F01407D6EB3A3700A617 /* Pods_NoStoryboardTests.framework */; };
		818A7C1738CEFCF7BCB61315 /* Pods_NoStoryboard_NoStoryboardUITests.framework in Frameworks */ = {isa = PBXBuildFile; fileRef = 921E7F5D5314A7D3EA2528E9 /* Pods_NoStoryboard_NoStoryboardUITests.framework */; };
/* End PBXBuildFile section */

/* Begin PBXContainerItemProxy section */
		BA90D3772E7259E900294F89 /* PBXContainerItemProxy */ = {
			isa = PBXContainerItemProxy;
			containerPortal = BA90D3582E7259E700294F89 /* Project object */;
			proxyType = 1;
			remoteGlobalIDString = BA90D35F2E7259E700294F89;
			remoteInfo = NoStoryboard;
		};
		BA90D3812E7259E900294F89 /* PBXContainerItemProxy */ = {
			isa = PBXContainerItemProxy;
			containerPortal = BA90D3582E7259E700294F89 /* Project object */;
			proxyType = 1;
			remoteGlobalIDString = BA90D35F2E7259E700294F89;
			remoteInfo = NoStoryboard;
		};
/* End PBXContainerItemProxy section */

/* Begin PBXFileReference section */
		69F7EFEE522C15E300AB8B42 /* Pods-NoStoryboard-NoStoryboardUITests.release.xcconfig */ = {isa = PBXFileReference; includeInIndex = 1; lastKnownFileType = text.xcconfig; name = "Pods-NoStoryboard-NoStoryboardUITests.release.xcconfig"; path = "Target Support Files/Pods-NoStoryboard-NoStoryboardUITests/Pods-NoStoryboard-NoStoryboardUITests.release.xcconfig"; sourceTree = "<group>"; };
		70E94733A9598A816B9606FE /* Pods-NoStoryboard.release.xcconfig */ = {isa = PBXFileReference; includeInIndex = 1; lastKnownFileType = text.xcconfig; name = "Pods-NoStoryboard.release.xcconfig"; path = "Target Support Files/Pods-NoStoryboard/Pods-NoStoryboard.release.xcconfig"; sourceTree = "<group>"; };
		758B4159B3E8B5D49F6D95DC /* Pods-NoStoryboard.debug.xcconfig */ = {isa = PBXFileReference; includeInIndex = 1; lastKnownFileType = text.xcconfig; name = "Pods-NoStoryboard.debug.xcconfig"; path = "Target Support Files/Pods-NoStoryboard/Pods-NoStoryboard.debug.xcconfig"; sourceTree = "<group>"; };
		921E7F5D5314A7D3EA2528E9 /* Pods_NoStoryboard_NoStoryboardUITests.framework */ = {isa = PBXFileReference; explicitFileType = wrapper.framework; includeInIndex = 0; path = Pods_NoStoryboard_NoStoryboardUITests.framework; sourceTree = BUILT_PRODUCTS_DIR; };
		9F26F01407D6EB3A3700A617 /* Pods_NoStoryboardTests.framework */ = {isa = PBXFileReference; explicitFileType = wrapper.framework; includeInIndex = 0; path = Pods_NoStoryboardTests.framework; sourceTree = BUILT_PRODUCTS_DIR; };
		A6AD1FF0FF356E62C33E9D08 /* Pods-NoStoryboardTests.release.xcconfig */ = {isa = PBXFileReference; includeInIndex = 1; lastKnownFileType = text.xcconfig; name = "Pods-NoStoryboardTests.release.xcconfig"; path = "Target Support Files/Pods-NoStoryboardTests/Pods-NoStoryboardTests.release.xcconfig"; sourceTree = "<group>"; };
		BA90D3602E7259E700294F89 /* NoStoryboard.app */ = {isa = PBXFileReference; explicitFileType = wrapper.application; includeInIndex = 0; path = NoStoryboard.app; sourceTree = BUILT_PRODUCTS_DIR; };
		BA90D3762E7259E900294F89 /* NoStoryboardTests.xctest */ = {isa = PBXFileReference; explicitFileType = wrapper.cfbundle; includeInIndex = 0; path = NoStoryboardTests.xctest; sourceTree = BUILT_PRODUCTS_DIR; };
		BA90D3802E7259E900294F89 /* NoStoryboardUITests.xctest */ = {isa = PBXFileReference; explicitFileType = wrapper.cfbundle; includeInIndex = 0; path = NoStoryboardUITests.xctest; sourceTree = BUILT_PRODUCTS_DIR; };
		DAA7BDE665050C0B81573E84 /* Pods-NoStoryboardTests.debug.xcconfig */ = {isa = PBXFileReference; includeInIndex = 1; lastKnownFileType = text.xcconfig; name = "Pods-NoStoryboardTests.debug.xcconfig"; path = "Target Support Files/Pods-NoStoryboardTests/Pods-NoStoryboardTests.debug.xcconfig"; sourceTree = "<group>"; };
		E635BB739C1AEB0881E765C4 /* Pods-NoStoryboard-NoStoryboardUITests.debug.xcconfig */ = {isa = PBXFileReference; includeInIndex = 1; lastKnownFileType = text.xcconfig; name = "Pods-NoStoryboard-NoStoryboardUITests.debug.xcconfig"; path = "Target Support Files/Pods-NoStoryboard-NoStoryboardUITests/Pods-NoStoryboard-NoStoryboardUITests.debug.xcconfig"; sourceTree = "<group>"; };
		F5591E9C0FB0A896AAA69087 /* Pods_NoStoryboard.framework */ = {isa = PBXFileReference; explicitFileType = wrapper.framework; includeInIndex = 0; path = Pods_NoStoryboard.framework; sourceTree = BUILT_PRODUCTS_DIR; };
/* End PBXFileReference section */

/* Begin PBXFileSystemSynchronizedBuildFileExceptionSet section */
		BA90D3882E7259E900294F89 /* Exceptions for "NoStoryboard" folder in "NoStoryboard" target */ = {
			isa = PBXFileSystemSynchronizedBuildFileExceptionSet;
			membershipExceptions = (
				Info.plist,
			);
			target = BA90D35F2E7259E700294F89 /* NoStoryboard */;
		};
/* End PBXFileSystemSynchronizedBuildFileExceptionSet section */

/* Begin PBXFileSystemSynchronizedRootGroup section */
		BA90D3622E7259E700294F89 /* NoStoryboard */ = {
			isa = PBXFileSystemSynchronizedRootGroup;
			exceptions = (
				BA90D3882E7259E900294F89 /* Exceptions for "NoStoryboard" folder in "NoStoryboard" target */,
			);
			path = NoStoryboard;
			sourceTree = "<group>";
		};
		BA90D3792E7259E900294F89 /* NoStoryboardTests */ = {
			isa = PBXFileSystemSynchronizedRootGroup;
			path = NoStoryboardTests;
			sourceTree = "<group>";
		};
		BA90D3832E7259E900294F89 /* NoStoryboardUITests */ = {
			isa = PBXFileSystemSynchronizedRootGroup;
			path = NoStoryboardUITests;
			sourceTree = "<group>";
		};
/* End PBXFileSystemSynchronizedRootGroup section */

/* Begin PBXFrameworksBuildPhase section */
		BA90D35D2E7259E700294F89 /* Frameworks */ = {
			isa = PBXFrameworksBuildPhase;
			buildActionMask = 2147483647;
			files = (
				4D6DC7BEBCA8798501277944 /* Pods_NoStoryboard.framework in Frameworks */,
			);
			runOnlyForDeploymentPostprocessing = 0;
		};
		BA90D3732E7259E900294F89 /* Frameworks */ = {
			isa = PBXFrameworksBuildPhase;
			buildActionMask = 2147483647;
			files = (
				4F43E1966C6688363D465F8D /* Pods_NoStoryboardTests.framework in Frameworks */,
			);
			runOnlyForDeploymentPostprocessing = 0;
		};
		BA90D37D2E7259E900294F89 /* Frameworks */ = {
			isa = PBXFrameworksBuildPhase;
			buildActionMask = 2147483647;
			files = (
				818A7C1738CEFCF7BCB61315 /* Pods_NoStoryboard_NoStoryboardUITests.framework in Frameworks */,
			);
			runOnlyForDeploymentPostprocessing = 0;
		};
/* End PBXFrameworksBuildPhase section */

/* Begin PBXGroup section */
		0E7FF3AD38E88D8060261EF7 /* Pods */ = {
			isa = PBXGroup;
			children = (
				758B4159B3E8B5D49F6D95DC /* Pods-NoStoryboard.debug.xcconfig */,
				70E94733A9598A816B9606FE /* Pods-NoStoryboard.release.xcconfig */,
				E635BB739C1AEB0881E765C4 /* Pods-NoStoryboard-NoStoryboardUITests.debug.xcconfig */,
				69F7EFEE522C15E300AB8B42 /* Pods-NoStoryboard-NoStoryboardUITests.release.xcconfig */,
				DAA7BDE665050C0B81573E84 /* Pods-NoStoryboardTests.debug.xcconfig */,
				A6AD1FF0FF356E62C33E9D08 /* Pods-NoStoryboardTests.release.xcconfig */,
			);
			path = Pods;
			sourceTree = "<group>";
		};
		BA90D3572E7259E700294F89 = {
			isa = PBXGroup;
			children = (
				BA90D3622E7259E700294F89 /* NoStoryboard */,
				BA90D3792E7259E900294F89 /* NoStoryboardTests */,
				BA90D3832E7259E900294F89 /* NoStoryboardUITests */,
				BA90D3612E7259E700294F89 /* Products */,
				0E7FF3AD38E88D8060261EF7 /* Pods */,
				CD531B9B6B3E7B177D66C146 /* Frameworks */,
			);
			sourceTree = "<group>";
		};
		BA90D3612E7259E700294F89 /* Products */ = {
			isa = PBXGroup;
			children = (
				BA90D3602E7259E700294F89 /* NoStoryboard.app */,
				BA90D3762E7259E900294F89 /* NoStoryboardTests.xctest */,
				BA90D3802E7259E900294F89 /* NoStoryboardUITests.xctest */,
			);
			name = Products;
			sourceTree = "<group>";
		};
		CD531B9B6B3E7B177D66C146 /* Frameworks */ = {
			isa = PBXGroup;
			children = (
				F5591E9C0FB0A896AAA69087 /* Pods_NoStoryboard.framework */,
				921E7F5D5314A7D3EA2528E9 /* Pods_NoStoryboard_NoStoryboardUITests.framework */,
				9F26F01407D6EB3A3700A617 /* Pods_NoStoryboardTests.framework */,
			);
			name = Frameworks;
			sourceTree = "<group>";
		};
/* End PBXGroup section */

/* Begin PBXNativeTarget section */
		BA90D35F2E7259E700294F89 /* NoStoryboard */ = {
			isa = PBXNativeTarget;
			buildConfigurationList = BA90D3892E7259E900294F89 /* Build configuration list for PBXNativeTarget "NoStoryboard" */;
			buildPhases = (
				2C76F9BAC6E8C1878D2F2FE1 /* [CP] Check Pods Manifest.lock */,
				BA90D35C2E7259E700294F89 /* Sources */,
				BA90D35D2E7259E700294F89 /* Frameworks */,
				BA90D35E2E7259E700294F89 /* Resources */,
				C21AB51C0597E02F77A554AC /* [CP] Embed Pods Frameworks */,
			);
			buildRules = (
			);
			dependencies = (
			);
			fileSystemSynchronizedGroups = (
				BA90D3622E7259E700294F89 /* NoStoryboard */,
			);
			name = NoStoryboard;
			productName = NoStoryboard;
			productReference = BA90D3602E7259E700294F89 /* NoStoryboard.app */;
			productType = "com.apple.product-type.application";
		};
		BA90D3752E7259E900294F89 /* NoStoryboardTests */ = {
			isa = PBXNativeTarget;
			buildConfigurationList = BA90D38E2E7259E900294F89 /* Build configuration list for PBXNativeTarget "NoStoryboardTests" */;
			buildPhases = (
				084987F24F1E30051B79A95E /* [CP] Check Pods Manifest.lock */,
				BA90D3722E7259E900294F89 /* Sources */,
				BA90D3732E7259E900294F89 /* Frameworks */,
				BA90D3742E7259E900294F89 /* Resources */,
			);
			buildRules = (
			);
			dependencies = (
				BA90D3782E7259E900294F89 /* PBXTargetDependency */,
			);
			fileSystemSynchronizedGroups = (
				BA90D3792E7259E900294F89 /* NoStoryboardTests */,
			);
			name = NoStoryboardTests;
			productName = NoStoryboardTests;
			productReference = BA90D3762E7259E900294F89 /* NoStoryboardTests.xctest */;
			productType = "com.apple.product-type.bundle.unit-test";
		};
		BA90D37F2E7259E900294F89 /* NoStoryboardUITests */ = {
			isa = PBXNativeTarget;
			buildConfigurationList = BA90D3912E7259E900294F89 /* Build configuration list for PBXNativeTarget "NoStoryboardUITests" */;
			buildPhases = (
				7C3A0346F4D01AFBC557123F /* [CP] Check Pods Manifest.lock */,
				BA90D37C2E7259E900294F89 /* Sources */,
				BA90D37D2E7259E900294F89 /* Frameworks */,
				BA90D37E2E7259E900294F89 /* Resources */,
				A6AA151518B0B3ABC45138B9 /* [CP] Embed Pods Frameworks */,
			);
			buildRules = (
			);
			dependencies = (
				BA90D3822E7259E900294F89 /* PBXTargetDependency */,
			);
			fileSystemSynchronizedGroups = (
				BA90D3832E7259E900294F89 /* NoStoryboardUITests */,
			);
			name = NoStoryboardUITests;
			productName = NoStoryboardUITests;
			productReference = BA90D3802E7259E900294F89 /* NoStoryboardUITests.xctest */;
			productType = "com.apple.product-type.bundle.ui-testing";
		};
/* End PBXNativeTarget section */

/* Begin PBXProject section */
		BA90D3582E7259E700294F89 /* Project object */ = {
			isa = PBXProject;
			attributes = {
				BuildIndependentTargetsInParallel = 1;
				LastSwiftUpdateCheck = 1620;
				LastUpgradeCheck = 1620;
				TargetAttributes = {
					BA90D35F2E7259E700294F89 = {
						CreatedOnToolsVersion = 16.2;
					};
					BA90D3752E7259E900294F89 = {
						CreatedOnToolsVersion = 16.2;
						TestTargetID = BA90D35F2E7259E700294F89;
					};
					BA90D37F2E7259E900294F89 = {
						CreatedOnToolsVersion = 16.2;
						TestTargetID = BA90D35F2E7259E700294F89;
					};
				};
			};
			buildConfigurationList = BA90D35B2E7259E700294F89 /* Build configuration list for PBXProject "NoStoryboard" */;
			developmentRegion = en;
			hasScannedForEncodings = 0;
			knownRegions = (
				en,
				Base,
			);
			mainGroup = BA90D3572E7259E700294F89;
			minimizedProjectReferenceProxies = 1;
			preferredProjectObjectVersion = 77;
			productRefGroup = BA90D3612E7259E700294F89 /* Products */;
			projectDirPath = "";
			projectRoot = "";
			targets = (
				BA90D35F2E7259E700294F89 /* NoStoryboard */,
				BA90D3752E7259E900294F89 /* NoStoryboardTests */,
				BA90D37F2E7259E900294F89 /* NoStoryboardUITests */,
			);
		};
/* End PBXProject section */

/* Begin PBXResourcesBuildPhase section */
		BA90D35E2E7259E700294F89 /* Resources */ = {
			isa = PBXResourcesBuildPhase;
			buildActionMask = 2147483647;
			files = (
			);
			runOnlyForDeploymentPostprocessing = 0;
		};
		BA90D3742E7259E900294F89 /* Resources */ = {
			isa = PBXResourcesBuildPhase;
			buildActionMask = 2147483647;
			files = (
			);
			runOnlyForDeploymentPostprocessing = 0;
		};
		BA90D37E2E7259E900294F89 /* Resources */ = {
			isa = PBXResourcesBuildPhase;
			buildActionMask = 2147483647;
			files = (
			);
			runOnlyForDeploymentPostprocessing = 0;
		};
/* End PBXResourcesBuildPhase section */

/* Begin PBXShellScriptBuildPhase section */
		084987F24F1E30051B79A95E /* [CP] Check Pods Manifest.lock */ = {
			isa = PBXShellScriptBuildPhase;
			buildActionMask = 2147483647;
			files = (
			);
			inputFileListPaths = (
			);
			inputPaths = (
				"${PODS_PODFILE_DIR_PATH}/Podfile.lock",
				"${PODS_ROOT}/Manifest.lock",
			);
			name = "[CP] Check Pods Manifest.lock";
			outputFileListPaths = (
			);
			outputPaths = (
				"$(DERIVED_FILE_DIR)/Pods-NoStoryboardTests-checkManifestLockResult.txt",
			);
			runOnlyForDeploymentPostprocessing = 0;
			shellPath = /bin/sh;
			shellScript = "diff \"${PODS_PODFILE_DIR_PATH}/Podfile.lock\" \"${PODS_ROOT}/Manifest.lock\" > /dev/null\nif [ $? != 0 ] ; then\n    # print error to STDERR\n    echo \"error: The sandbox is not in sync with the Podfile.lock. Run 'pod install' or update your CocoaPods installation.\" >&2\n    exit 1\nfi\n# This output is used by Xcode 'outputs' to avoid re-running this script phase.\necho \"SUCCESS\" > \"${SCRIPT_OUTPUT_FILE_0}\"\n";
			showEnvVarsInLog = 0;
		};
		2C76F9BAC6E8C1878D2F2FE1 /* [CP] Check Pods Manifest.lock */ = {
			isa = PBXShellScriptBuildPhase;
			buildActionMask = 2147483647;
			files = (
			);
			inputFileListPaths = (
			);
			inputPaths = (
				"${PODS_PODFILE_DIR_PATH}/Podfile.lock",
				"${PODS_ROOT}/Manifest.lock",
			);
			name = "[CP] Check Pods Manifest.lock";
			outputFileListPaths = (
			);
			outputPaths = (
				"$(DERIVED_FILE_DIR)/Pods-NoStoryboard-checkManifestLockResult.txt",
			);
			runOnlyForDeploymentPostprocessing = 0;
			shellPath = /bin/sh;
			shellScript = "diff \"${PODS_PODFILE_DIR_PATH}/Podfile.lock\" \"${PODS_ROOT}/Manifest.lock\" > /dev/null\nif [ $? != 0 ] ; then\n    # print error to STDERR\n    echo \"error: The sandbox is not in sync with the Podfile.lock. Run 'pod install' or update your CocoaPods installation.\" >&2\n    exit 1\nfi\n# This output is used by Xcode 'outputs' to avoid re-running this script phase.\necho \"SUCCESS\" > \"${SCRIPT_OUTPUT_FILE_0}\"\n";
			showEnvVarsInLog = 0;
		};
		7C3A0346F4D01AFBC557123F /* [CP] Check Pods Manifest.lock */ = {
			isa = PBXShellScriptBuildPhase;
			buildActionMask = 2147483647;
			files = (
			);
			inputFileListPaths = (
			);
			inputPaths = (
				"${PODS_PODFILE_DIR_PATH}/Podfile.lock",
				"${PODS_ROOT}/Manifest.lock",
			);
			name = "[CP] Check Pods Manifest.lock";
			outputFileListPaths = (
			);
			outputPaths = (
				"$(DERIVED_FILE_DIR)/Pods-NoStoryboard-NoStoryboardUITests-checkManifestLockResult.txt",
			);
			runOnlyForDeploymentPostprocessing = 0;
			shellPath = /bin/sh;
			shellScript = "diff \"${PODS_PODFILE_DIR_PATH}/Podfile.lock\" \"${PODS_ROOT}/Manifest.lock\" > /dev/null\nif [ $? != 0 ] ; then\n    # print error to STDERR\n    echo \"error: The sandbox is not in sync with the Podfile.lock. Run 'pod install' or update your CocoaPods installation.\" >&2\n    exit 1\nfi\n# This output is used by Xcode 'outputs' to avoid re-running this script phase.\necho \"SUCCESS\" > \"${SCRIPT_OUTPUT_FILE_0}\"\n";
			showEnvVarsInLog = 0;
		};
		A6AA151518B0B3ABC45138B9 /* [CP] Embed Pods Frameworks */ = {
			isa = PBXShellScriptBuildPhase;
			buildActionMask = 2147483647;
			files = (
			);
			inputFileListPaths = (
				"${PODS_ROOT}/Target Support Files/Pods-NoStoryboard-NoStoryboardUITests/Pods-NoStoryboard-NoStoryboardUITests-frameworks-${CONFIGURATION}-input-files.xcfilelist",
			);
			name = "[CP] Embed Pods Frameworks";
			outputFileListPaths = (
				"${PODS_ROOT}/Target Support Files/Pods-NoStoryboard-NoStoryboardUITests/Pods-NoStoryboard-NoStoryboardUITests-frameworks-${CONFIGURATION}-output-files.xcfilelist",
			);
			runOnlyForDeploymentPostprocessing = 0;
			shellPath = /bin/sh;
			shellScript = "\"${PODS_ROOT}/Target Support Files/Pods-NoStoryboard-NoStoryboardUITests/Pods-NoStoryboard-NoStoryboardUITests-frameworks.sh\"\n";
			showEnvVarsInLog = 0;
		};
		C21AB51C0597E02F77A554AC /* [CP] Embed Pods Frameworks */ = {
			isa = PBXShellScriptBuildPhase;
			buildActionMask = 2147483647;
			files = (
			);
			inputFileListPaths = (
				"${PODS_ROOT}/Target Support Files/Pods-NoStoryboard/Pods-NoStoryboard-frameworks-${CONFIGURATION}-input-files.xcfilelist",
			);
			name = "[CP] Embed Pods Frameworks";
			outputFileListPaths = (
				"${PODS_ROOT}/Target Support Files/Pods-NoStoryboard/Pods-NoStoryboard-frameworks-${CONFIGURATION}-output-files.xcfilelist",
			);
			runOnlyForDeploymentPostprocessing = 0;
			shellPath = /bin/sh;
			shellScript = "\"${PODS_ROOT}/Target Support Files/Pods-NoStoryboard/Pods-NoStoryboard-frameworks.sh\"\n";
			showEnvVarsInLog = 0;
		};
/* End PBXShellScriptBuildPhase section */

/* Begin PBXSourcesBuildPhase section */
		BA90D35C2E7259E700294F89 /* Sources */ = {
			isa = PBXSourcesBuildPhase;
			buildActionMask = 2147483647;
			files = (
			);
			runOnlyForDeploymentPostprocessing = 0;
		};
		BA90D3722E7259E900294F89 /* Sources */ = {
			isa = PBXSourcesBuildPhase;
			buildActionMask = 2147483647;
			files = (
			);
			runOnlyForDeploymentPostprocessing = 0;
		};
		BA90D37C2E7259E900294F89 /* Sources */ = {
			isa = PBXSourcesBuildPhase;
			buildActionMask = 2147483647;
			files = (
			);
			runOnlyForDeploymentPostprocessing = 0;
		};
/* End PBXSourcesBuildPhase section */

/* Begin PBXTargetDependency section */
		BA90D3782E7259E900294F89 /* PBXTargetDependency */ = {
			isa = PBXTargetDependency;
			target = BA90D35F2E7259E700294F89 /* NoStoryboard */;
			targetProxy = BA90D3772E7259E900294F89 /* PBXContainerItemProxy */;
		};
		BA90D3822E7259E900294F89 /* PBXTargetDependency */ = {
			isa = PBXTargetDependency;
			target = BA90D35F2E7259E700294F89 /* NoStoryboard */;
			targetProxy = BA90D3812E7259E900294F89 /* PBXContainerItemProxy */;
		};
/* End PBXTargetDependency section */

/* Begin XCBuildConfiguration section */
		BA90D38A2E7259E900294F89 /* Debug */ = {
			isa = XCBuildConfiguration;
			baseConfigurationReference = 758B4159B3E8B5D49F6D95DC /* Pods-NoStoryboard.debug.xcconfig */;
			buildSettings = {
				ASSETCATALOG_COMPILER_APPICON_NAME = AppIcon;
				ASSETCATALOG_COMPILER_GLOBAL_ACCENT_COLOR_NAME = AccentColor;
				CODE_SIGN_STYLE = Automatic;
				CURRENT_PROJECT_VERSION = 1;
				DEVELOPMENT_TEAM = XDH7KVZD9U;
				GENERATE_INFOPLIST_FILE = YES;
				INFOPLIST_FILE = NoStoryboard/Info.plist;
				INFOPLIST_KEY_CFBundleDisplayName = "AnhThu LikeTour";
				INFOPLIST_KEY_UIApplicationSupportsIndirectInputEvents = YES;
				INFOPLIST_KEY_UILaunchStoryboardName = LaunchScreen;
				INFOPLIST_KEY_UISupportedInterfaceOrientations_iPad = "UIInterfaceOrientationPortrait UIInterfaceOrientationPortraitUpsideDown UIInterfaceOrientationLandscapeLeft UIInterfaceOrientationLandscapeRight";
				INFOPLIST_KEY_UISupportedInterfaceOrientations_iPhone = "UIInterfaceOrientationPortrait UIInterfaceOrientationLandscapeLeft UIInterfaceOrientationLandscapeRight";
				LD_RUNPATH_SEARCH_PATHS = (
					"$(inherited)",
					"@executable_path/Frameworks",
				);
				MARKETING_VERSION = 1.0;
				PRODUCT_BUNDLE_IDENTIFIER = com.minhlai.NoStoryboard;
				PRODUCT_NAME = "$(TARGET_NAME)";
				SWIFT_EMIT_LOC_STRINGS = YES;
				SWIFT_VERSION = 5.0;
				TARGETED_DEVICE_FAMILY = "1,2";
			};
			name = Debug;
		};
		BA90D38B2E7259E900294F89 /* Release */ = {
			isa = XCBuildConfiguration;
			baseConfigurationReference = 70E94733A9598A816B9606FE /* Pods-NoStoryboard.release.xcconfig */;
			buildSettings = {
				ASSETCATALOG_COMPILER_APPICON_NAME = AppIcon;
				ASSETCATALOG_COMPILER_GLOBAL_ACCENT_COLOR_NAME = AccentColor;
				CODE_SIGN_STYLE = Automatic;
				CURRENT_PROJECT_VERSION = 1;
				DEVELOPMENT_TEAM = XDH7KVZD9U;
				GENERATE_INFOPLIST_FILE = YES;
				INFOPLIST_FILE = NoStoryboard/Info.plist;
				INFOPLIST_KEY_CFBundleDisplayName = "AnhThu LikeTour";
				INFOPLIST_KEY_UIApplicationSupportsIndirectInputEvents = YES;
				INFOPLIST_KEY_UILaunchStoryboardName = LaunchScreen;
				INFOPLIST_KEY_UISupportedInterfaceOrientations_iPad = "UIInterfaceOrientationPortrait UIInterfaceOrientationPortraitUpsideDown UIInterfaceOrientationLandscapeLeft UIInterfaceOrientationLandscapeRight";
				INFOPLIST_KEY_UISupportedInterfaceOrientations_iPhone = "UIInterfaceOrientationPortrait UIInterfaceOrientationLandscapeLeft UIInterfaceOrientationLandscapeRight";
				LD_RUNPATH_SEARCH_PATHS = (
					"$(inherited)",
					"@executable_path/Frameworks",
				);
				MARKETING_VERSION = 1.0;
				PRODUCT_BUNDLE_IDENTIFIER = com.minhlai.NoStoryboard;
				PRODUCT_NAME = "$(TARGET_NAME)";
				SWIFT_EMIT_LOC_STRINGS = YES;
				SWIFT_VERSION = 5.0;
				TARGETED_DEVICE_FAMILY = "1,2";
			};
			name = Release;
		};
		BA90D38C2E7259E900294F89 /* Debug */ = {
			isa = XCBuildConfiguration;
			buildSettings = {
				ALWAYS_SEARCH_USER_PATHS = NO;
				ASSETCATALOG_COMPILER_GENERATE_SWIFT_ASSET_SYMBOL_EXTENSIONS = YES;
				CLANG_ANALYZER_NONNULL = YES;
				CLANG_ANALYZER_NUMBER_OBJECT_CONVERSION = YES_AGGRESSIVE;
				CLANG_CXX_LANGUAGE_STANDARD = "gnu++20";
				CLANG_ENABLE_MODULES = YES;
				CLANG_ENABLE_OBJC_ARC = YES;
				CLANG_ENABLE_OBJC_WEAK = YES;
				CLANG_WARN_BLOCK_CAPTURE_AUTORELEASING = YES;
				CLANG_WARN_BOOL_CONVERSION = YES;
				CLANG_WARN_COMMA = YES;
				CLANG_WARN_CONSTANT_CONVERSION = YES;
				CLANG_WARN_DEPRECATED_OBJC_IMPLEMENTATIONS = YES;
				CLANG_WARN_DIRECT_OBJC_ISA_USAGE = YES_ERROR;
				CLANG_WARN_DOCUMENTATION_COMMENTS = YES;
				CLANG_WARN_EMPTY_BODY = YES;
				CLANG_WARN_ENUM_CONVERSION = YES;
				CLANG_WARN_INFINITE_RECURSION = YES;
				CLANG_WARN_INT_CONVERSION = YES;
				CLANG_WARN_NON_LITERAL_NULL_CONVERSION = YES;
				CLANG_WARN_OBJC_IMPLICIT_RETAIN_SELF = YES;
				CLANG_WARN_OBJC_LITERAL_CONVERSION = YES;
				CLANG_WARN_OBJC_ROOT_CLASS = YES_ERROR;
				CLANG_WARN_QUOTED_INCLUDE_IN_FRAMEWORK_HEADER = YES;
				CLANG_WARN_RANGE_LOOP_ANALYSIS = YES;
				CLANG_WARN_STRICT_PROTOTYPES = YES;
				CLANG_WARN_SUSPICIOUS_MOVE = YES;
				CLANG_WARN_UNGUARDED_AVAILABILITY = YES_AGGRESSIVE;
				CLANG_WARN_UNREACHABLE_CODE = YES;
				CLANG_WARN__DUPLICATE_METHOD_MATCH = YES;
				COPY_PHASE_STRIP = NO;
				DEBUG_INFORMATION_FORMAT = dwarf;
				ENABLE_STRICT_OBJC_MSGSEND = YES;
				ENABLE_TESTABILITY = YES;
				ENABLE_USER_SCRIPT_SANDBOXING = NO;
				GCC_C_LANGUAGE_STANDARD = gnu17;
				GCC_DYNAMIC_NO_PIC = NO;
				GCC_NO_COMMON_BLOCKS = YES;
				GCC_OPTIMIZATION_LEVEL = 0;
				GCC_PREPROCESSOR_DEFINITIONS = (
					"DEBUG=1",
					"$(inherited)",
				);
				GCC_WARN_64_TO_32_BIT_CONVERSION = YES;
				GCC_WARN_ABOUT_RETURN_TYPE = YES_ERROR;
				GCC_WARN_UNDECLARED_SELECTOR = YES;
				GCC_WARN_UNINITIALIZED_AUTOS = YES_AGGRESSIVE;
				GCC_WARN_UNUSED_FUNCTION = YES;
				GCC_WARN_UNUSED_VARIABLE = YES;
				IPHONEOS_DEPLOYMENT_TARGET = 18.2;
				LOCALIZATION_PREFERS_STRING_CATALOGS = YES;
				MTL_ENABLE_DEBUG_INFO = INCLUDE_SOURCE;
				MTL_FAST_MATH = YES;
				ONLY_ACTIVE_ARCH = YES;
				SDKROOT = iphoneos;
				SWIFT_ACTIVE_COMPILATION_CONDITIONS = "DEBUG $(inherited)";
				SWIFT_OPTIMIZATION_LEVEL = "-Onone";
			};
			name = Debug;
		};
		BA90D38D2E7259E900294F89 /* Release */ = {
			isa = XCBuildConfiguration;
			buildSettings = {
				ALWAYS_SEARCH_USER_PATHS = NO;
				ASSETCATALOG_COMPILER_GENERATE_SWIFT_ASSET_SYMBOL_EXTENSIONS = YES;
				CLANG_ANALYZER_NONNULL = YES;
				CLANG_ANALYZER_NUMBER_OBJECT_CONVERSION = YES_AGGRESSIVE;
				CLANG_CXX_LANGUAGE_STANDARD = "gnu++20";
				CLANG_ENABLE_MODULES = YES;
				CLANG_ENABLE_OBJC_ARC = YES;
				CLANG_ENABLE_OBJC_WEAK = YES;
				CLANG_WARN_BLOCK_CAPTURE_AUTORELEASING = YES;
				CLANG_WARN_BOOL_CONVERSION = YES;
				CLANG_WARN_COMMA = YES;
				CLANG_WARN_CONSTANT_CONVERSION = YES;
				CLANG_WARN_DEPRECATED_OBJC_IMPLEMENTATIONS = YES;
				CLANG_WARN_DIRECT_OBJC_ISA_USAGE = YES_ERROR;
				CLANG_WARN_DOCUMENTATION_COMMENTS = YES;
				CLANG_WARN_EMPTY_BODY = YES;
				CLANG_WARN_ENUM_CONVERSION = YES;
				CLANG_WARN_INFINITE_RECURSION = YES;
				CLANG_WARN_INT_CONVERSION = YES;
				CLANG_WARN_NON_LITERAL_NULL_CONVERSION = YES;
				CLANG_WARN_OBJC_IMPLICIT_RETAIN_SELF = YES;
				CLANG_WARN_OBJC_LITERAL_CONVERSION = YES;
				CLANG_WARN_OBJC_ROOT_CLASS = YES_ERROR;
				CLANG_WARN_QUOTED_INCLUDE_IN_FRAMEWORK_HEADER = YES;
				CLANG_WARN_RANGE_LOOP_ANALYSIS = YES;
				CLANG_WARN_STRICT_PROTOTYPES = YES;
				CLANG_WARN_SUSPICIOUS_MOVE = YES;
				CLANG_WARN_UNGUARDED_AVAILABILITY = YES_AGGRESSIVE;
				CLANG_WARN_UNREACHABLE_CODE = YES;
				CLANG_WARN__DUPLICATE_METHOD_MATCH = YES;
				COPY_PHASE_STRIP = NO;
				DEBUG_INFORMATION_FORMAT = "dwarf-with-dsym";
				ENABLE_NS_ASSERTIONS = NO;
				ENABLE_STRICT_OBJC_MSGSEND = YES;
				ENABLE_USER_SCRIPT_SANDBOXING = NO;
				GCC_C_LANGUAGE_STANDARD = gnu17;
				GCC_NO_COMMON_BLOCKS = YES;
				GCC_WARN_64_TO_32_BIT_CONVERSION = YES;
				GCC_WARN_ABOUT_RETURN_TYPE = YES_ERROR;
				GCC_WARN_UNDECLARED_SELECTOR = YES;
				GCC_WARN_UNINITIALIZED_AUTOS = YES_AGGRESSIVE;
				GCC_WARN_UNUSED_FUNCTION = YES;
				GCC_WARN_UNUSED_VARIABLE = YES;
				IPHONEOS_DEPLOYMENT_TARGET = 18.2;
				LOCALIZATION_PREFERS_STRING_CATALOGS = YES;
				MTL_ENABLE_DEBUG_INFO = NO;
				MTL_FAST_MATH = YES;
				SDKROOT = iphoneos;
				SWIFT_COMPILATION_MODE = wholemodule;
				VALIDATE_PRODUCT = YES;
			};
			name = Release;
		};
		BA90D38F2E7259E900294F89 /* Debug */ = {
			isa = XCBuildConfiguration;
			baseConfigurationReference = DAA7BDE665050C0B81573E84 /* Pods-NoStoryboardTests.debug.xcconfig */;
			buildSettings = {
				BUNDLE_LOADER = "$(TEST_HOST)";
				CODE_SIGN_STYLE = Automatic;
				CURRENT_PROJECT_VERSION = 1;
				DEVELOPMENT_TEAM = XDH7KVZD9U;
				GENERATE_INFOPLIST_FILE = YES;
				IPHONEOS_DEPLOYMENT_TARGET = 18.2;
				MARKETING_VERSION = 1.0;
				PRODUCT_BUNDLE_IDENTIFIER = com.minhlai.NoStoryboardTests;
				PRODUCT_NAME = "$(TARGET_NAME)";
				SWIFT_EMIT_LOC_STRINGS = NO;
				SWIFT_VERSION = 5.0;
				TARGETED_DEVICE_FAMILY = "1,2";
				TEST_HOST = "$(BUILT_PRODUCTS_DIR)/NoStoryboard.app/$(BUNDLE_EXECUTABLE_FOLDER_PATH)/NoStoryboard";
			};
			name = Debug;
		};
		BA90D3902E7259E900294F89 /* Release */ = {
			isa = XCBuildConfiguration;
			baseConfigurationReference = A6AD1FF0FF356E62C33E9D08 /* Pods-NoStoryboardTests.release.xcconfig */;
			buildSettings = {
				BUNDLE_LOADER = "$(TEST_HOST)";
				CODE_SIGN_STYLE = Automatic;
				CURRENT_PROJECT_VERSION = 1;
				DEVELOPMENT_TEAM = XDH7KVZD9U;
				GENERATE_INFOPLIST_FILE = YES;
				IPHONEOS_DEPLOYMENT_TARGET = 18.2;
				MARKETING_VERSION = 1.0;
				PRODUCT_BUNDLE_IDENTIFIER = com.minhlai.NoStoryboardTests;
				PRODUCT_NAME = "$(TARGET_NAME)";
				SWIFT_EMIT_LOC_STRINGS = NO;
				SWIFT_VERSION = 5.0;
				TARGETED_DEVICE_FAMILY = "1,2";
				TEST_HOST = "$(BUILT_PRODUCTS_DIR)/NoStoryboard.app/$(BUNDLE_EXECUTABLE_FOLDER_PATH)/NoStoryboard";
			};
			name = Release;
		};
		BA90D3922E7259E900294F89 /* Debug */ = {
			isa = XCBuildConfiguration;
			baseConfigurationReference = E635BB739C1AEB0881E765C4 /* Pods-NoStoryboard-NoStoryboardUITests.debug.xcconfig */;
			buildSettings = {
				CODE_SIGN_STYLE = Automatic;
				CURRENT_PROJECT_VERSION = 1;
				DEVELOPMENT_TEAM = XDH7KVZD9U;
				GENERATE_INFOPLIST_FILE = YES;
				MARKETING_VERSION = 1.0;
				PRODUCT_BUNDLE_IDENTIFIER = com.minhlai.NoStoryboardUITests;
				PRODUCT_NAME = "$(TARGET_NAME)";
				SWIFT_EMIT_LOC_STRINGS = NO;
				SWIFT_VERSION = 5.0;
				TARGETED_DEVICE_FAMILY = "1,2";
				TEST_TARGET_NAME = NoStoryboard;
			};
			name = Debug;
		};
		BA90D3932E7259E900294F89 /* Release */ = {
			isa = XCBuildConfiguration;
			baseConfigurationReference = 69F7EFEE522C15E300AB8B42 /* Pods-NoStoryboard-NoStoryboardUITests.release.xcconfig */;
			buildSettings = {
				CODE_SIGN_STYLE = Automatic;
				CURRENT_PROJECT_VERSION = 1;
				DEVELOPMENT_TEAM = XDH7KVZD9U;
				GENERATE_INFOPLIST_FILE = YES;
				MARKETING_VERSION = 1.0;
				PRODUCT_BUNDLE_IDENTIFIER = com.minhlai.NoStoryboardUITests;
				PRODUCT_NAME = "$(TARGET_NAME)";
				SWIFT_EMIT_LOC_STRINGS = NO;
				SWIFT_VERSION = 5.0;
				TARGETED_DEVICE_FAMILY = "1,2";
				TEST_TARGET_NAME = NoStoryboard;
			};
			name = Release;
		};
/* End XCBuildConfiguration section */

/* Begin XCConfigurationList section */
		BA90D35B2E7259E700294F89 /* Build configuration list for PBXProject "NoStoryboard" */ = {
			isa = XCConfigurationList;
			buildConfigurations = (
				BA90D38C2E7259E900294F89 /* Debug */,
				BA90D38D2E7259E900294F89 /* Release */,
			);
			defaultConfigurationIsVisible = 0;
			defaultConfigurationName = Release;
		};
		BA90D3892E7259E900294F89 /* Build configuration list for PBXNativeTarget "NoStoryboard" */ = {
			isa = XCConfigurationList;
			buildConfigurations = (
				BA90D38A2E7259E900294F89 /* Debug */,
				BA90D38B2E7259E900294F89 /* Release */,
			);
			defaultConfigurationIsVisible = 0;
			defaultConfigurationName = Release;
		};
		BA90D38E2E7259E900294F89 /* Build configuration list for PBXNativeTarget "NoStoryboardTests" */ = {
			isa = XCConfigurationList;
			buildConfigurations = (
				BA90D38F2E7259E900294F89 /* Debug */,
				BA90D3902E7259E900294F89 /* Release */,
			);
			defaultConfigurationIsVisible = 0;
			defaultConfigurationName = Release;
		};
		BA90D3912E7259E900294F89 /* Build configuration list for PBXNativeTarget "NoStoryboardUITests" */ = {
			isa = XCConfigurationList;
			buildConfigurations = (
				BA90D3922E7259E900294F89 /* Debug */,
				BA90D3932E7259E900294F89 /* Release */,
			);
			defaultConfigurationIsVisible = 0;
			defaultConfigurationName = Release;
		};
/* End XCConfigurationList section */
	};
	rootObject = BA90D3582E7259E700294F89 /* Project object */;
}
